
Microsoft Visual Studio Solution File, Format Version 12.00
# Visual Studio Version 17
VisualStudioVersion = 17.14.36408.4 d17.14
MinimumVisualStudioVersion = 10.0.40219.1
Project("{FAE04EC0-301F-11D3-BF4B-00C04F79EFBC}") = "gameProgMethodOverlaodsChrisFrench0259182", "gameProgMethodOverlaodsChrisFrench0259182\gameProgMethodOverlaodsChrisFrench0259182.csproj", "{777892D9-1E91-45FF-84E6-7DBBC8990DF6}"
EndProject
Global
	GlobalSection(SolutionConfigurationPlatforms) = preSolution
		Debug|Any CPU = Debug|Any CPU
		Release|Any CPU = Release|Any CPU
	EndGlobalSection
	GlobalSection(ProjectConfigurationPlatforms) = postSolution
		{777892D9-1E91-45FF-84E6-7DBBC8990DF6}.Debug|Any CPU.ActiveCfg = Debug|Any CPU
		{777892D9-1E91-45FF-84E6-7DBBC8990DF6}.Debug|Any CPU.Build.0 = Debug|Any CPU
		{777892D9-1E91-45FF-84E6-7DBBC8990DF6}.Release|Any CPU.ActiveCfg = Release|Any CPU
		{777892D9-1E91-45FF-84E6-7DBBC8990DF6}.Release|Any CPU.Build.0 = Release|Any CPU
	EndGlobalSection
	GlobalSection(SolutionProperties) = preSolution
		HideSolutionNode = FALSE
	EndGlobalSection
	GlobalSection(ExtensibilityGlobals) = postSolution
		SolutionGuid = {49404AE7-5775-46D8-9E3E-3A72A288A5E1}
	EndGlobalSection
EndGlobal
